
Microsoft Visual Studio Solution File, Format Version 12.00
# Visual Studio 14
VisualStudioVersion = 14.0.25420.1
MinimumVisualStudioVersion = 10.0.40219.1
Project("{8BC9CEB8-8B4A-11D0-8D11-00A0C91BC942}") = "NairnMPM", "NairnMPM\NairnMPM.vcxproj", "{402DEB67-A73F-4592-BD53-AB13F1B86F27}"
EndProject
Project("{8BC9CEB8-8B4A-11D0-8D11-00A0C91BC942}") = "NairnFEA", "NairnFEA\NairnFEA.vcxproj", "{8FEBA1C0-2E4B-4E5E-93F7-D8C736901CAE}"
EndProject
Project("{8BC9CEB8-8B4A-11D0-8D11-00A0C91BC942}") = "ExtractMPM", "ExtractMPM\ExtractMPM.vcxproj", "{3D0F936D-1161-407C-B806-F5540AE12C8F}"
EndProject
Global
	GlobalSection(SolutionConfigurationPlatforms) = preSolution
		Debug|x64 = Debug|x64
		Debug|x86 = Debug|x86
		Release|x64 = Release|x64
		Release|x86 = Release|x86
	EndGlobalSection
	GlobalSection(ProjectConfigurationPlatforms) = postSolution
		{402DEB67-A73F-4592-BD53-AB13F1B86F27}.Debug|x64.ActiveCfg = Debug|x64
		{402DEB67-A73F-4592-BD53-AB13F1B86F27}.Debug|x64.Build.0 = Debug|x64
		{402DEB67-A73F-4592-BD53-AB13F1B86F27}.Debug|x86.ActiveCfg = Release|Win32
		{402DEB67-A73F-4592-BD53-AB13F1B86F27}.Debug|x86.Build.0 = Release|Win32
		{402DEB67-A73F-4592-BD53-AB13F1B86F27}.Release|x64.ActiveCfg = Release|x64
		{402DEB67-A73F-4592-BD53-AB13F1B86F27}.Release|x64.Build.0 = Release|x64
		{402DEB67-A73F-4592-BD53-AB13F1B86F27}.Release|x86.ActiveCfg = Release|Win32
		{402DEB67-A73F-4592-BD53-AB13F1B86F27}.Release|x86.Build.0 = Release|Win32
		{8FEBA1C0-2E4B-4E5E-93F7-D8C736901CAE}.Debug|x64.ActiveCfg = Release|x64
		{8FEBA1C0-2E4B-4E5E-93F7-D8C736901CAE}.Debug|x86.ActiveCfg = Release|Win32
		{8FEBA1C0-2E4B-4E5E-93F7-D8C736901CAE}.Debug|x86.Build.0 = Release|Win32
		{8FEBA1C0-2E4B-4E5E-93F7-D8C736901CAE}.Release|x64.ActiveCfg = Release|x64
		{8FEBA1C0-2E4B-4E5E-93F7-D8C736901CAE}.Release|x86.ActiveCfg = Release|Win32
		{8FEBA1C0-2E4B-4E5E-93F7-D8C736901CAE}.Release|x86.Build.0 = Release|Win32
		{3D0F936D-1161-407C-B806-F5540AE12C8F}.Debug|x64.ActiveCfg = Release|x64
		{3D0F936D-1161-407C-B806-F5540AE12C8F}.Debug|x86.ActiveCfg = Release|Win32
		{3D0F936D-1161-407C-B806-F5540AE12C8F}.Debug|x86.Build.0 = Release|Win32
		{3D0F936D-1161-407C-B806-F5540AE12C8F}.Release|x64.ActiveCfg = Release|x64
		{3D0F936D-1161-407C-B806-F5540AE12C8F}.Release|x86.ActiveCfg = Release|Win32
		{3D0F936D-1161-407C-B806-F5540AE12C8F}.Release|x86.Build.0 = Release|Win32
	EndGlobalSection
	GlobalSection(SolutionProperties) = preSolution
		HideSolutionNode = FALSE
	EndGlobalSection
EndGlobal
